
Microsoft Visual Studio Solution File, Format Version 12.00
# Visual Studio Version 17
VisualStudioVersion = 17.10.35027.167
MinimumVisualStudioVersion = 10.0.40219.1
Project("{9A19103F-16F7-4668-BE54-9A1E7A4F7556}") = "EmailSenderMicroservice", "EmailSenderMicroservice\EmailSenderMicroservice.csproj", "{5D94C71D-E8BB-4B61-BEB4-87D3C3539826}"
EndProject
Project("{9A19103F-16F7-4668-BE54-9A1E7A4F7556}") = "EmailSenderMicroservice.Domain", "EmailSenderMicroservice.Domain\EmailSenderMicroservice.Domain.csproj", "{CEAB2183-D827-49E2-93CD-968AAFD2F7A2}"
EndProject
Project("{FAE04EC0-301F-11D3-BF4B-00C04F79EFBC}") = "EmailSenderMicroservice.Tests", "EmailSenderMicroservice.Tests\EmailSenderMicroservice.Tests.csproj", "{BBB3C458-3E08-48CA-AB0F-5045EA4D8B58}"
EndProject
Global
	GlobalSection(SolutionConfigurationPlatforms) = preSolution
		Debug|Any CPU = Debug|Any CPU
		Release|Any CPU = Release|Any CPU
	EndGlobalSection
	GlobalSection(ProjectConfigurationPlatforms) = postSolution
		{5D94C71D-E8BB-4B61-BEB4-87D3C3539826}.Debug|Any CPU.ActiveCfg = Debug|Any CPU
		{5D94C71D-E8BB-4B61-BEB4-87D3C3539826}.Debug|Any CPU.Build.0 = Debug|Any CPU
		{5D94C71D-E8BB-4B61-BEB4-87D3C3539826}.Release|Any CPU.ActiveCfg = Release|Any CPU
		{5D94C71D-E8BB-4B61-BEB4-87D3C3539826}.Release|Any CPU.Build.0 = Release|Any CPU
		{CEAB2183-D827-49E2-93CD-968AAFD2F7A2}.Debug|Any CPU.ActiveCfg = Debug|Any CPU
		{CEAB2183-D827-49E2-93CD-968AAFD2F7A2}.Debug|Any CPU.Build.0 = Debug|Any CPU
		{CEAB2183-D827-49E2-93CD-968AAFD2F7A2}.Release|Any CPU.ActiveCfg = Release|Any CPU
		{CEAB2183-D827-49E2-93CD-968AAFD2F7A2}.Release|Any CPU.Build.0 = Release|Any CPU
		{BBB3C458-3E08-48CA-AB0F-5045EA4D8B58}.Debug|Any CPU.ActiveCfg = Debug|Any CPU
		{BBB3C458-3E08-48CA-AB0F-5045EA4D8B58}.Debug|Any CPU.Build.0 = Debug|Any CPU
		{BBB3C458-3E08-48CA-AB0F-5045EA4D8B58}.Release|Any CPU.ActiveCfg = Release|Any CPU
		{BBB3C458-3E08-48CA-AB0F-5045EA4D8B58}.Release|Any CPU.Build.0 = Release|Any CPU
	EndGlobalSection
	GlobalSection(SolutionProperties) = preSolution
		HideSolutionNode = FALSE
	EndGlobalSection
	GlobalSection(ExtensibilityGlobals) = postSolution
		SolutionGuid = {AB619626-3992-4AFD-8336-983CDAB99908}
	EndGlobalSection
EndGlobal
